
Microsoft Visual Studio Solution File, Format Version 12.00
# Visual Studio 15
VisualStudioVersion = 15.0.28307.421
MinimumVisualStudioVersion = 10.0.40219.1
Project("{FAE04EC0-301F-11D3-BF4B-00C04F79EFBC}") = "Discipline", "Discipline\Discipline.csproj", "{D113A20E-83B0-4918-8B0F-B761181615F7}"
EndProject
Global
	GlobalSection(SolutionConfigurationPlatforms) = preSolution
		Debug|Any CPU = Debug|Any CPU
		Release|Any CPU = Release|Any CPU
	EndGlobalSection
	GlobalSection(ProjectConfigurationPlatforms) = postSolution
		{D113A20E-83B0-4918-8B0F-B761181615F7}.Debug|Any CPU.ActiveCfg = Debug|Any CPU
		{D113A20E-83B0-4918-8B0F-B761181615F7}.Debug|Any CPU.Build.0 = Debug|Any CPU
		{D113A20E-83B0-4918-8B0F-B761181615F7}.Release|Any CPU.ActiveCfg = Release|Any CPU
		{D113A20E-83B0-4918-8B0F-B761181615F7}.Release|Any CPU.Build.0 = Release|Any CPU
	EndGlobalSection
	GlobalSection(SolutionProperties) = preSolution
		HideSolutionNode = FALSE
	EndGlobalSection
	GlobalSection(ExtensibilityGlobals) = postSolution
		SolutionGuid = {10FC0214-B3C5-4B2B-884A-A0BA6936CD5C}
	EndGlobalSection
EndGlobal
